
Microsoft Visual Studio Solution File, Format Version 12.00
# Visual Studio 14
VisualStudioVersion = 14.0.24720.0
MinimumVisualStudioVersion = 10.0.40219.1
Project("{FAE04EC0-301F-11D3-BF4B-00C04F79EFBC}") = "Application.Web.UI", "Aplication.Web.UI\Application.Web.UI.csproj", "{9D2321C2-854D-4D9B-983E-1A6F2D3A4052}"
EndProject
Project("{FAE04EC0-301F-11D3-BF4B-00C04F79EFBC}") = "Application.Web.UI.UnitTest", "Aplication.Web.UI.UnitTest\Application.Web.UI.UnitTest.csproj", "{F4A003A1-07CD-4EE0-9DA7-12C159729CBE}"
EndProject
Project("{2150E333-8FDC-42A3-9474-1A3956D46DE8}") = "1 - Presentation", "1 - Presentation", "{FC7F6AD6-0320-44E8-92F5-61159F04517C}"
EndProject
Project("{2150E333-8FDC-42A3-9474-1A3956D46DE8}") = "2 - WebApi", "2 - WebApi", "{77C88BB1-D2FB-45F8-A818-327DE9B20811}"
EndProject
Project("{FAE04EC0-301F-11D3-BF4B-00C04F79EFBC}") = "Application.Web.Api", "Application.Web.Api\Application.Web.Api.csproj", "{13C8D62B-8053-4F5E-A8D9-6692FE0B7B81}"
EndProject
Project("{FAE04EC0-301F-11D3-BF4B-00C04F79EFBC}") = "Application.Web.Api.UnitTest", "Application.Web.Api.UnitTest\Application.Web.Api.UnitTest.csproj", "{96D13448-702C-4B66-82B0-DB248224658E}"
EndProject
Global
	GlobalSection(SolutionConfigurationPlatforms) = preSolution
		Debug|Any CPU = Debug|Any CPU
		Release|Any CPU = Release|Any CPU
	EndGlobalSection
	GlobalSection(ProjectConfigurationPlatforms) = postSolution
		{9D2321C2-854D-4D9B-983E-1A6F2D3A4052}.Debug|Any CPU.ActiveCfg = Debug|Any CPU
		{9D2321C2-854D-4D9B-983E-1A6F2D3A4052}.Debug|Any CPU.Build.0 = Debug|Any CPU
		{9D2321C2-854D-4D9B-983E-1A6F2D3A4052}.Release|Any CPU.ActiveCfg = Release|Any CPU
		{9D2321C2-854D-4D9B-983E-1A6F2D3A4052}.Release|Any CPU.Build.0 = Release|Any CPU
		{F4A003A1-07CD-4EE0-9DA7-12C159729CBE}.Debug|Any CPU.ActiveCfg = Debug|Any CPU
		{F4A003A1-07CD-4EE0-9DA7-12C159729CBE}.Debug|Any CPU.Build.0 = Debug|Any CPU
		{F4A003A1-07CD-4EE0-9DA7-12C159729CBE}.Release|Any CPU.ActiveCfg = Release|Any CPU
		{F4A003A1-07CD-4EE0-9DA7-12C159729CBE}.Release|Any CPU.Build.0 = Release|Any CPU
		{13C8D62B-8053-4F5E-A8D9-6692FE0B7B81}.Debug|Any CPU.ActiveCfg = Debug|Any CPU
		{13C8D62B-8053-4F5E-A8D9-6692FE0B7B81}.Debug|Any CPU.Build.0 = Debug|Any CPU
		{13C8D62B-8053-4F5E-A8D9-6692FE0B7B81}.Release|Any CPU.ActiveCfg = Release|Any CPU
		{13C8D62B-8053-4F5E-A8D9-6692FE0B7B81}.Release|Any CPU.Build.0 = Release|Any CPU
		{96D13448-702C-4B66-82B0-DB248224658E}.Debug|Any CPU.ActiveCfg = Debug|Any CPU
		{96D13448-702C-4B66-82B0-DB248224658E}.Debug|Any CPU.Build.0 = Debug|Any CPU
		{96D13448-702C-4B66-82B0-DB248224658E}.Release|Any CPU.ActiveCfg = Release|Any CPU
		{96D13448-702C-4B66-82B0-DB248224658E}.Release|Any CPU.Build.0 = Release|Any CPU
	EndGlobalSection
	GlobalSection(SolutionProperties) = preSolution
		HideSolutionNode = FALSE
	EndGlobalSection
	GlobalSection(NestedProjects) = preSolution
		{9D2321C2-854D-4D9B-983E-1A6F2D3A4052} = {FC7F6AD6-0320-44E8-92F5-61159F04517C}
		{F4A003A1-07CD-4EE0-9DA7-12C159729CBE} = {FC7F6AD6-0320-44E8-92F5-61159F04517C}
		{13C8D62B-8053-4F5E-A8D9-6692FE0B7B81} = {77C88BB1-D2FB-45F8-A818-327DE9B20811}
		{96D13448-702C-4B66-82B0-DB248224658E} = {77C88BB1-D2FB-45F8-A818-327DE9B20811}
	EndGlobalSection
EndGlobal
